// !$*UTF8*$!
{
	archiveVersion = 1;
	classes = {
	};
	objectVersion = 56;
	objects = {

/* Begin PBXGroup section */
		00000000000000000000001 /* FamilyOKR */ = {
			isa = PBXGroup;
			children = (
				00000000000000000000002 /* FamilyOKR */,
			);
			sourceTree = "<group>";
		};
		00000000000000000000002 /* FamilyOKR */ = {
			isa = PBXGroup;
			children = (
			);
			path = FamilyOKR;
			sourceTree = "<group>";
		};
/* End PBXGroup section */

/* Begin PBXProject section */
		00000000000000000000099 /* Project object */ = {
			isa = PBXProject;
			attributes = {
				BuildIndependentTargetsInParallel = 1;
				LastSwiftUpdateCheck = 1500;
				LastUpgradeCheck = 1500;
			};
			buildConfigurationList = 00000000000000000000098 /* Build configuration list for PBXProject "FamilyOKR" */;
			compatibilityVersion = "Xcode 14.0";
			developmentRegion = en;
			hasScannedForEncodings = 0;
			knownRegions = (
				en,
				Base,
			);
			mainGroup = 00000000000000000000001 /* FamilyOKR */;
			productRefGroup = 00000000000000000000001 /* FamilyOKR */;
			projectDirPath = "";
			projectRoot = "";
			targets = (
			);
		};
/* End PBXProject section */

/* Begin XCBuildConfiguration section */
		000000000000000000000A1 /* Debug */ = {
			isa = XCBuildConfiguration;
			buildSettings = {
				ALWAYS_SEARCH_USER_PATHS = NO;
				SWIFT_VERSION = 5.9;
				SUPPORTED_PLATFORMS = "iphonesimulator iphoneos macosx";
			};
			name = Debug;
		};
		000000000000000000000A2 /* Release */ = {
			isa = XCBuildConfiguration;
			buildSettings = {
				ALWAYS_SEARCH_USER_PATHS = NO;
				SWIFT_VERSION = 5.9;
				SUPPORTED_PLATFORMS = "iphonesimulator iphoneos macosx";
			};
			name = Release;
		};
/* End XCBuildConfiguration section */

/* Begin XCConfigurationList section */
		00000000000000000000098 /* Build configuration list for PBXProject "FamilyOKR" */ = {
			isa = XCConfigurationList;
			buildConfigurations = (
				000000000000000000000A1 /* Debug */,
				000000000000000000000A2 /* Release */,
			);
			defaultConfigurationIsVisible = 0;
			defaultConfigurationName = Release;
		};
/* End XCConfigurationList section */

	};
	rootObject = 00000000000000000000099 /* Project object */;
}
